
Microsoft Visual Studio Solution File, Format Version 12.00
# Visual Studio Version 16
VisualStudioVersion = 16.0.29009.5
MinimumVisualStudioVersion = 10.0.40219.1
Project("{FAE04EC0-301F-11D3-BF4B-00C04F79EFBC}") = "PhxDev.mmhmmStreamDeckPlugin.Common", "PhxDev.mmhmmStreamDeckPlugin.Common\PhxDev.mmhmmStreamDeckPlugin.Common.csproj", "{4E79475C-5B2F-4215-A46B-2EA4BE08170C}"
EndProject
Project("{9A19103F-16F7-4668-BE54-9A1E7A4F7556}") = "PhxDev.mmhmmStreamDeckPlugin.TestConsole", "PhxDev.mmhmmStreamDeckPlugin.TestConsole\PhxDev.mmhmmStreamDeckPlugin.TestConsole.csproj", "{80AB0C2F-C46E-4E67-81BC-ECC77ABBD085}"
EndProject
Project("{9A19103F-16F7-4668-BE54-9A1E7A4F7556}") = "PhxDev.mmhmmStreamDeckPlugin.PluginApp", "PhxDev.mmhmmStreamDeckPlugin.PluginApp\PhxDev.mmhmmStreamDeckPlugin.PluginApp.csproj", "{B697629F-BC1A-4ECE-B05E-C4BBCDA20160}"
EndProject
Global
	GlobalSection(SolutionConfigurationPlatforms) = preSolution
		Debug|Any CPU = Debug|Any CPU
		Release|Any CPU = Release|Any CPU
	EndGlobalSection
	GlobalSection(ProjectConfigurationPlatforms) = postSolution
		{4E79475C-5B2F-4215-A46B-2EA4BE08170C}.Debug|Any CPU.ActiveCfg = Debug|Any CPU
		{4E79475C-5B2F-4215-A46B-2EA4BE08170C}.Debug|Any CPU.Build.0 = Debug|Any CPU
		{4E79475C-5B2F-4215-A46B-2EA4BE08170C}.Release|Any CPU.ActiveCfg = Release|Any CPU
		{4E79475C-5B2F-4215-A46B-2EA4BE08170C}.Release|Any CPU.Build.0 = Release|Any CPU
		{80AB0C2F-C46E-4E67-81BC-ECC77ABBD085}.Debug|Any CPU.ActiveCfg = Debug|Any CPU
		{80AB0C2F-C46E-4E67-81BC-ECC77ABBD085}.Debug|Any CPU.Build.0 = Debug|Any CPU
		{80AB0C2F-C46E-4E67-81BC-ECC77ABBD085}.Release|Any CPU.ActiveCfg = Release|Any CPU
		{80AB0C2F-C46E-4E67-81BC-ECC77ABBD085}.Release|Any CPU.Build.0 = Release|Any CPU
		{B697629F-BC1A-4ECE-B05E-C4BBCDA20160}.Debug|Any CPU.ActiveCfg = Debug|Any CPU
		{B697629F-BC1A-4ECE-B05E-C4BBCDA20160}.Debug|Any CPU.Build.0 = Debug|Any CPU
		{B697629F-BC1A-4ECE-B05E-C4BBCDA20160}.Release|Any CPU.ActiveCfg = Release|Any CPU
		{B697629F-BC1A-4ECE-B05E-C4BBCDA20160}.Release|Any CPU.Build.0 = Release|Any CPU
	EndGlobalSection
	GlobalSection(SolutionProperties) = preSolution
		HideSolutionNode = FALSE
	EndGlobalSection
	GlobalSection(ExtensibilityGlobals) = postSolution
		SolutionGuid = {F37AE9E4-58A4-4810-84D3-12E6B0472807}
	EndGlobalSection
EndGlobal
